# This file is generated by running "yarn install" inside your project.
# Manual changes might be lost - proceed with caution!

__metadata:
  version: 7
  cacheKey: 9

"@esbuild/linux-loong64@npm:0.14.54":
  version: 0.14.54
  resolution: "@esbuild/linux-loong64@npm:0.14.54"
  conditions: os=linux & cpu=loong64
  languageName: node
  linkType: hard

"@nodelib/fs.scandir@npm:2.1.5":
  version: 2.1.5
  resolution: "@nodelib/fs.scandir@npm:2.1.5"
  dependencies:
    "@nodelib/fs.stat": "npm:2.0.5"
    run-parallel: "npm:^1.1.9"
  checksum: 5f309a3b375738e97d4f3cf73ace218690d5a1cfdf98202c6b46bfda61f4317e0e0036c81b040b147e7d1632c7da2e2462e47660de428917cacaebfa2a0a20c7
  languageName: node
  linkType: hard

"@nodelib/fs.stat@npm:2.0.5, @nodelib/fs.stat@npm:^2.0.2":
  version: 2.0.5
  resolution: "@nodelib/fs.stat@npm:2.0.5"
  checksum: 594d04bcf578d15af65b510dbd9c0dc2458d2a7ef1b403924f22f64d397e965efa8c6854b3fee3395244ae642e28d896ab9d04c5ee5c46ef4fda1d48eaaef19c
  languageName: node
  linkType: hard

"@nodelib/fs.walk@npm:^1.2.3":
  version: 1.2.8
  resolution: "@nodelib/fs.walk@npm:1.2.8"
  dependencies:
    "@nodelib/fs.scandir": "npm:2.1.5"
    fastq: "npm:^1.6.0"
  checksum: 3542284aa2d6e313cfd4ae40a2502b53e1f35da6f4f9890422aad018c04866f6bfb96c4105e23dbd9fb93cfc630cc607777df658a3a525d63a3bfb9bcb2b0f21
  languageName: node
  linkType: hard

"braces@npm:^3.0.2":
  version: 3.0.2
  resolution: "braces@npm:3.0.2"
  dependencies:
    fill-range: "npm:^7.0.1"
  checksum: 1aa7f7f39e1dff23894196303515503dd945f36adcb78073ee067b421ecc595265556911183b24d1bc4e51011d3536d63d117cb4493e5123fcc7456596a93637
  languageName: node
  linkType: hard

"esbuild-android-64@npm:0.14.54":
  version: 0.14.54
  resolution: "esbuild-android-64@npm:0.14.54"
  conditions: os=android & cpu=x64
  languageName: node
  linkType: hard

"esbuild-android-arm64@npm:0.14.54":
  version: 0.14.54
  resolution: "esbuild-android-arm64@npm:0.14.54"
  conditions: os=android & cpu=arm64
  languageName: node
  linkType: hard

"esbuild-darwin-64@npm:0.14.54":
  version: 0.14.54
  resolution: "esbuild-darwin-64@npm:0.14.54"
  conditions: os=darwin & cpu=x64
  languageName: node
  linkType: hard

"esbuild-darwin-arm64@npm:0.14.54":
  version: 0.14.54
  resolution: "esbuild-darwin-arm64@npm:0.14.54"
  conditions: os=darwin & cpu=arm64
  languageName: node
  linkType: hard

"esbuild-freebsd-64@npm:0.14.54":
  version: 0.14.54
  resolution: "esbuild-freebsd-64@npm:0.14.54"
  conditions: os=freebsd & cpu=x64
  languageName: node
  linkType: hard

"esbuild-freebsd-arm64@npm:0.14.54":
  version: 0.14.54
  resolution: "esbuild-freebsd-arm64@npm:0.14.54"
  conditions: os=freebsd & cpu=arm64
  languageName: node
  linkType: hard

"esbuild-linux-32@npm:0.14.54":
  version: 0.14.54
  resolution: "esbuild-linux-32@npm:0.14.54"
  conditions: os=linux & cpu=ia32
  languageName: node
  linkType: hard

"esbuild-linux-64@npm:0.14.54":
  version: 0.14.54
  resolution: "esbuild-linux-64@npm:0.14.54"
  conditions: os=linux & cpu=x64
  languageName: node
  linkType: hard

"esbuild-linux-arm64@npm:0.14.54":
  version: 0.14.54
  resolution: "esbuild-linux-arm64@npm:0.14.54"
  conditions: os=linux & cpu=arm64
  languageName: node
  linkType: hard

"esbuild-linux-arm@npm:0.14.54":
  version: 0.14.54
  resolution: "esbuild-linux-arm@npm:0.14.54"
  conditions: os=linux & cpu=arm
  languageName: node
  linkType: hard

"esbuild-linux-mips64le@npm:0.14.54":
  version: 0.14.54
  resolution: "esbuild-linux-mips64le@npm:0.14.54"
  conditions: os=linux & cpu=mips64el
  languageName: node
  linkType: hard

"esbuild-linux-ppc64le@npm:0.14.54":
  version: 0.14.54
  resolution: "esbuild-linux-ppc64le@npm:0.14.54"
  conditions: os=linux & cpu=ppc64
  languageName: node
  linkType: hard

"esbuild-linux-riscv64@npm:0.14.54":
  version: 0.14.54
  resolution: "esbuild-linux-riscv64@npm:0.14.54"
  conditions: os=linux & cpu=riscv64
  languageName: node
  linkType: hard

"esbuild-linux-s390x@npm:0.14.54":
  version: 0.14.54
  resolution: "esbuild-linux-s390x@npm:0.14.54"
  conditions: os=linux & cpu=s390x
  languageName: node
  linkType: hard

"esbuild-netbsd-64@npm:0.14.54":
  version: 0.14.54
  resolution: "esbuild-netbsd-64@npm:0.14.54"
  conditions: os=netbsd & cpu=x64
  languageName: node
  linkType: hard

"esbuild-openbsd-64@npm:0.14.54":
  version: 0.14.54
  resolution: "esbuild-openbsd-64@npm:0.14.54"
  conditions: os=openbsd & cpu=x64
  languageName: node
  linkType: hard

"esbuild-plugin-flow@npm:^0.3.2":
  version: 0.3.2
  resolution: "esbuild-plugin-flow@npm:0.3.2"
  dependencies:
    flow-remove-types: "npm:^2.137.0"
  checksum: dc134d21a6b00aaa6da87b7109e7e5f3a17e9a12634832fea6be8ff92fb60681059608959f43757418cef6cd45c4abca388b113bfe08d896c07ebe08936b5768
  languageName: node
  linkType: hard

"esbuild-sunos-64@npm:0.14.54":
  version: 0.14.54
  resolution: "esbuild-sunos-64@npm:0.14.54"
  conditions: os=sunos & cpu=x64
  languageName: node
  linkType: hard

"esbuild-windows-32@npm:0.14.54":
  version: 0.14.54
  resolution: "esbuild-windows-32@npm:0.14.54"
  conditions: os=win32 & cpu=ia32
  languageName: node
  linkType: hard

"esbuild-windows-64@npm:0.14.54":
  version: 0.14.54
  resolution: "esbuild-windows-64@npm:0.14.54"
  conditions: os=win32 & cpu=x64
  languageName: node
  linkType: hard

"esbuild-windows-arm64@npm:0.14.54":
  version: 0.14.54
  resolution: "esbuild-windows-arm64@npm:0.14.54"
  conditions: os=win32 & cpu=arm64
  languageName: node
  linkType: hard

"esbuild@npm:^0.14.18":
  version: 0.14.54
  resolution: "esbuild@npm:0.14.54"
  dependencies:
    "@esbuild/linux-loong64": "npm:0.14.54"
    esbuild-android-64: "npm:0.14.54"
    esbuild-android-arm64: "npm:0.14.54"
    esbuild-darwin-64: "npm:0.14.54"
    esbuild-darwin-arm64: "npm:0.14.54"
    esbuild-freebsd-64: "npm:0.14.54"
    esbuild-freebsd-arm64: "npm:0.14.54"
    esbuild-linux-32: "npm:0.14.54"
    esbuild-linux-64: "npm:0.14.54"
    esbuild-linux-arm: "npm:0.14.54"
    esbuild-linux-arm64: "npm:0.14.54"
    esbuild-linux-mips64le: "npm:0.14.54"
    esbuild-linux-ppc64le: "npm:0.14.54"
    esbuild-linux-riscv64: "npm:0.14.54"
    esbuild-linux-s390x: "npm:0.14.54"
    esbuild-netbsd-64: "npm:0.14.54"
    esbuild-openbsd-64: "npm:0.14.54"
    esbuild-sunos-64: "npm:0.14.54"
    esbuild-windows-32: "npm:0.14.54"
    esbuild-windows-64: "npm:0.14.54"
    esbuild-windows-arm64: "npm:0.14.54"
  dependenciesMeta:
    "@esbuild/linux-loong64":
      optional: true
    esbuild-android-64:
      optional: true
    esbuild-android-arm64:
      optional: true
    esbuild-darwin-64:
      optional: true
    esbuild-darwin-arm64:
      optional: true
    esbuild-freebsd-64:
      optional: true
    esbuild-freebsd-arm64:
      optional: true
    esbuild-linux-32:
      optional: true
    esbuild-linux-64:
      optional: true
    esbuild-linux-arm:
      optional: true
    esbuild-linux-arm64:
      optional: true
    esbuild-linux-mips64le:
      optional: true
    esbuild-linux-ppc64le:
      optional: true
    esbuild-linux-riscv64:
      optional: true
    esbuild-linux-s390x:
      optional: true
    esbuild-netbsd-64:
      optional: true
    esbuild-openbsd-64:
      optional: true
    esbuild-sunos-64:
      optional: true
    esbuild-windows-32:
      optional: true
    esbuild-windows-64:
      optional: true
    esbuild-windows-arm64:
      optional: true
  bin:
    esbuild: bin/esbuild
  checksum: 171e455b026dbf41d4fb3681020de2f99500274f56c3f6c30873de13c26e3db4ff434bab69f5e3ba6ea24fdd84ad647c7d3a89b08dabe83c960363a85451c7c9
  languageName: node
  linkType: hard

"fast-glob@npm:^3.2.12":
  version: 3.2.12
  resolution: "fast-glob@npm:3.2.12"
  dependencies:
    "@nodelib/fs.stat": "npm:^2.0.2"
    "@nodelib/fs.walk": "npm:^1.2.3"
    glob-parent: "npm:^5.1.2"
    merge2: "npm:^1.3.0"
    micromatch: "npm:^4.0.4"
  checksum: 3b98e0cadbf2aea3fa2be76e28b0c895bb18d920ccb7b3d3f603a464e3dc2c6a89a8afb9f9765226bd4d4d74b70e880721ff7a57a267c2eaa11353f35d42d11b
  languageName: node
  linkType: hard

"fastq@npm:^1.6.0":
  version: 1.13.0
  resolution: "fastq@npm:1.13.0"
  dependencies:
    reusify: "npm:^1.0.4"
  checksum: 150b77dcf0d1e023aaed9bb5f9789f9c8828497fa44b050ba79b039798aeee6c4bcab7e533b5bacb6476811ca9c0eb7f1d021fd7ff8da54f67e3db9b35efd84c
  languageName: node
  linkType: hard

"fill-range@npm:^7.0.1":
  version: 7.0.1
  resolution: "fill-range@npm:7.0.1"
  dependencies:
    to-regex-range: "npm:^5.0.1"
  checksum: e5ccb299de8a12ea5dcef663f658933e2fbdf40aeab3e7e5af9132e82d7f6bdd0984ac2e122dc1825707f33917c308bc40b632b852331c900c317c5d64bb7bf0
  languageName: node
  linkType: hard

"flow-parser@npm:^0.193.0":
  version: 0.193.0
  resolution: "flow-parser@npm:0.193.0"
  checksum: 779fabad6e40089c0b899992f9d6d7bc05e7cf23c1f45ff81d55dc4941615508d656edbf39e1ed006722763b9bfb3d93e92d9617784b2e4c0527bd71b2bdca8c
  languageName: node
  linkType: hard

"flow-remove-types@npm:^2.137.0":
  version: 2.193.0
  resolution: "flow-remove-types@npm:2.193.0"
  dependencies:
    flow-parser: "npm:^0.193.0"
    pirates: "npm:^3.0.2"
    vlq: "npm:^0.2.1"
  bin:
    flow-node: flow-node
    flow-remove-types: flow-remove-types
  checksum: 3b9e52289700c7f6a803a26a85a61ac6448187b239b62b373976acb74d0e842f1a03f91781bae757d0b8e68e9bb46653cd148e67981cbaa240fec1d2b4b025b2
  languageName: node
  linkType: hard

"glob-parent@npm:^5.1.2":
  version: 5.1.2
  resolution: "glob-parent@npm:5.1.2"
  dependencies:
    is-glob: "npm:^4.0.1"
  checksum: 2a8fd4de469543f6160dbfff5c59950e39494fc8b692ca7e1d0a5564450dee53228370b43bcfdeda82c2f96b26de618ef8aa5ece28090fcd568c411b6148241d
  languageName: node
  linkType: hard

"is-extglob@npm:^2.1.1":
  version: 2.1.1
  resolution: "is-extglob@npm:2.1.1"
  checksum: 226b9f6eee1e7da52f72c98ed4ea7fc71ee3a087b6d1c62655c9a81c601caa2fd98b9f9be42fb8163eef2720cdbf046bc7c5548a76755651e540f4b08ff3b120
  languageName: node
  linkType: hard

"is-glob@npm:^4.0.1":
  version: 4.0.3
  resolution: "is-glob@npm:4.0.3"
  dependencies:
    is-extglob: "npm:^2.1.1"
  checksum: 0b2f6c06162a1d6c764b2f1cf0f2617b6e0cb1e8125c0e3b7e838a3e06caac81268ab3c0a4699052df59229c99e8a1dd0217b30476d7643a37fa17a49f1b50af
  languageName: node
  linkType: hard

"is-number@npm:^7.0.0":
  version: 7.0.0
  resolution: "is-number@npm:7.0.0"
  checksum: 748df55ae14cc960b090a7611932940df9fa703b7e0fb4f73943b4eb94c4b5391f27ba3881fab8f5bf7a2f097490e812db0d58d05c92154e70fdf14f93d6fa95
  languageName: node
  linkType: hard

"merge2@npm:^1.3.0":
  version: 1.4.1
  resolution: "merge2@npm:1.4.1"
  checksum: d58d7c31e24ccb93509def2af306eca9a55ad8b8862a26ea7deda3c9338e5d33365f57197ad37af68c319e5e2a1faf089e5d05894d0dc29ff07025b30b8ff8b0
  languageName: node
  linkType: hard

"micromatch@npm:^4.0.4":
  version: 4.0.5
  resolution: "micromatch@npm:4.0.5"
  dependencies:
    braces: "npm:^3.0.2"
    picomatch: "npm:^2.3.1"
  checksum: 260305ba8cb1f073a39bbaa31edc93f7587399a094417541dc771402f83c78819ed76743c810c9fcf1c449f09bfb4de263dad8507d532e4e86063a87158a2ad6
  languageName: node
  linkType: hard

"node-modules-regexp@npm:^1.0.0":
  version: 1.0.0
  resolution: "node-modules-regexp@npm:1.0.0"
  checksum: 83fb34820eae1a20376cb3a2a370c96ce1dd15c81d3381a6db5349940ae806560190e9ef28649bea978c30f504cfde489ad9dfdf913dfcb18e2055e42aa28b4b
  languageName: node
  linkType: hard

"picomatch@npm:^2.3.1":
  version: 2.3.1
  resolution: "picomatch@npm:2.3.1"
  checksum: 6ba5938c24af2c5918e94b39aa0ad48d71f2c30634de69d46e0bd32feb666de4e909406db6ffb78f98d39ef450d6a41b6fa3954dc3659d7b2b750766c1261e5e
  languageName: node
  linkType: hard

"pirates@npm:^3.0.2":
  version: 3.0.2
  resolution: "pirates@npm:3.0.2"
  dependencies:
    node-modules-regexp: "npm:^1.0.0"
  checksum: 6b1e032a1c5a9f69272cc46998fa9179ba281e19a20a12d39c66e5aa7a9a9ae001f65eaf3abe106dc809c61b537dd20fef68c65bcbc1fc0187f08137ad2e570a
  languageName: node
  linkType: hard

"queue-microtask@npm:^1.2.2":
  version: 1.2.3
  resolution: "queue-microtask@npm:1.2.3"
  checksum: 84624bee6c25c9d9776242ce0dcc3e15f703d897f4b7d982f32ef4d88c51048507a0999d9ff038ec46f65901655460b69240e414da1cebc2d723987ec81cbae8
  languageName: node
  linkType: hard

"reusify@npm:^1.0.4":
  version: 1.0.4
  resolution: "reusify@npm:1.0.4"
  checksum: 3d0f10293851d5a50453257bb837ad973b046fc51fa489c46f3a480e0e3a9cf249babb30a493ad5f802a71510b2ee4e65a4609a644f98b3413575ab707f841d7
  languageName: node
  linkType: hard

"run-parallel@npm:^1.1.9":
  version: 1.2.0
  resolution: "run-parallel@npm:1.2.0"
  dependencies:
    queue-microtask: "npm:^1.2.2"
  checksum: 45bff4f6664ae79b8653ebd32c6e9e9e37139683f7bd1d54d5a05c409c9d167ece16c9b7e36a99ac4bb7a08b5f72b4084a1e08eba443bc6e2ca9044ef972752c
  languageName: node
  linkType: hard

"to-regex-range@npm:^5.0.1":
  version: 5.0.1
  resolution: "to-regex-range@npm:5.0.1"
  dependencies:
    is-number: "npm:^7.0.0"
  checksum: 16564897c76bbd25bd3c375ee8d4b1fd3ac965fc4ab550ff034a1dddb53816ec06dc27095468394ad4de5978d5e831a9d1ae4cb31080dc4ebd9ba80a47dc1a4f
  languageName: node
  linkType: hard

"vlq@npm:^0.2.1":
  version: 0.2.3
  resolution: "vlq@npm:0.2.3"
  checksum: cd3d6ce3a007a30755a2520e90cb0eea0635c97b7ffa8833902740dab7a23a3c4bad7e16cbc4e25b86a5fc3a9b070a67a2895959786c59e6cb7a0689bc70f291
  languageName: node
  linkType: hard

"yogini@workspace:.":
  version: 0.0.0-use.local
  resolution: "yogini@workspace:."
  dependencies:
    esbuild: "npm:^0.14.18"
    esbuild-plugin-flow: "npm:^0.3.2"
    fast-glob: "npm:^3.2.12"
  languageName: unknown
  linkType: soft
